// !$*UTF8*$!
{
	archiveVersion = 1;
	classes = {
	};
	objectVersion = 56;
	objects = {

/* Begin PBXBuildFile section */
		01122D4B2A79FC0F0056B674 /* My_Todo_ListApp.swift in Sources */ = {isa = PBXBuildFile; fileRef = 01122D4A2A79FC0F0056B674 /* My_Todo_ListApp.swift */; };
		01122D4D2A79FC0F0056B674 /* ContentView.swift in Sources */ = {isa = PBXBuildFile; fileRef = 01122D4C2A79FC0F0056B674 /* ContentView.swift */; };
		01122D4F2A79FC110056B674 /* Assets.xcassets in Resources */ = {isa = PBXBuildFile; fileRef = 01122D4E2A79FC110056B674 /* Assets.xcassets */; };
		01122D522A79FC110056B674 /* Preview Assets.xcassets in Resources */ = {isa = PBXBuildFile; fileRef = 01122D512A79FC110056B674 /* Preview Assets.xcassets */; };
		01122D5A2A7A02070056B674 /* TodoModel.xcdatamodeld in Sources */ = {isa = PBXBuildFile; fileRef = 01122D582A7A02070056B674 /* TodoModel.xcdatamodeld */; };
		01122D5C2A7A03EB0056B674 /* PersistenceManager.swift in Sources */ = {isa = PBXBuildFile; fileRef = 01122D5B2A7A03EB0056B674 /* PersistenceManager.swift */; };
		01122D5E2A7A10850056B674 /* TodoViewModel.swift in Sources */ = {isa = PBXBuildFile; fileRef = 01122D5D2A7A10850056B674 /* TodoViewModel.swift */; };
		01122D602A7A42950056B674 /* FormView.swift in Sources */ = {isa = PBXBuildFile; fileRef = 01122D5F2A7A42950056B674 /* FormView.swift */; };
		01122D632A7A51F50056B674 /* Date+Ext.swift in Sources */ = {isa = PBXBuildFile; fileRef = 01122D622A7A51F50056B674 /* Date+Ext.swift */; };
		0196F4D12A7B5FFA000E0695 /* TodoCellView.swift in Sources */ = {isa = PBXBuildFile; fileRef = 0196F4D02A7B5FFA000E0695 /* TodoCellView.swift */; };
		0196F4D42A7B69A5000E0695 /* TodoListView.swift in Sources */ = {isa = PBXBuildFile; fileRef = 0196F4D32A7B69A5000E0695 /* TodoListView.swift */; };
		0196F4D72A7B6C81000E0695 /* TodoModel.swift in Sources */ = {isa = PBXBuildFile; fileRef = 0196F4D62A7B6C81000E0695 /* TodoModel.swift */; };
		0196F4E52A7B76FD000E0695 /* My_Todo_ListTests.swift in Sources */ = {isa = PBXBuildFile; fileRef = 0196F4E42A7B76FD000E0695 /* My_Todo_ListTests.swift */; };
		0196F4EC2A7B78E4000E0695 /* ContainerView.swift in Sources */ = {isa = PBXBuildFile; fileRef = 0196F4EB2A7B78E4000E0695 /* ContainerView.swift */; };
/* End PBXBuildFile section */

/* Begin PBXContainerItemProxy section */
		0196F4E62A7B76FD000E0695 /* PBXContainerItemProxy */ = {
			isa = PBXContainerItemProxy;
			containerPortal = 01122D3F2A79FC0F0056B674 /* Project object */;
			proxyType = 1;
			remoteGlobalIDString = 01122D462A79FC0F0056B674;
			remoteInfo = "My Todo List";
		};
/* End PBXContainerItemProxy section */

/* Begin PBXFileReference section */
		01122D472A79FC0F0056B674 /* My Todo List.app */ = {isa = PBXFileReference; explicitFileType = wrapper.application; includeInIndex = 0; path = "My Todo List.app"; sourceTree = BUILT_PRODUCTS_DIR; };
		01122D4A2A79FC0F0056B674 /* My_Todo_ListApp.swift */ = {isa = PBXFileReference; lastKnownFileType = sourcecode.swift; path = My_Todo_ListApp.swift; sourceTree = "<group>"; };
		01122D4C2A79FC0F0056B674 /* ContentView.swift */ = {isa = PBXFileReference; lastKnownFileType = sourcecode.swift; path = ContentView.swift; sourceTree = "<group>"; };
		01122D4E2A79FC110056B674 /* Assets.xcassets */ = {isa = PBXFileReference; lastKnownFileType = folder.assetcatalog; path = Assets.xcassets; sourceTree = "<group>"; };
		01122D512A79FC110056B674 /* Preview Assets.xcassets */ = {isa = PBXFileReference; lastKnownFileType = folder.assetcatalog; path = "Preview Assets.xcassets"; sourceTree = "<group>"; };
		01122D592A7A02070056B674 /* TodoModel.xcdatamodel */ = {isa = PBXFileReference; lastKnownFileType = wrapper.xcdatamodel; path = TodoModel.xcdatamodel; sourceTree = "<group>"; };
		01122D5B2A7A03EB0056B674 /* PersistenceManager.swift */ = {isa = PBXFileReference; lastKnownFileType = sourcecode.swift; path = PersistenceManager.swift; sourceTree = "<group>"; };
		01122D5D2A7A10850056B674 /* TodoViewModel.swift */ = {isa = PBXFileReference; lastKnownFileType = sourcecode.swift; path = TodoViewModel.swift; sourceTree = "<group>"; };
		01122D5F2A7A42950056B674 /* FormView.swift */ = {isa = PBXFileReference; lastKnownFileType = sourcecode.swift; path = FormView.swift; sourceTree = "<group>"; };
		01122D622A7A51F50056B674 /* Date+Ext.swift */ = {isa = PBXFileReference; lastKnownFileType = sourcecode.swift; path = "Date+Ext.swift"; sourceTree = "<group>"; };
		0196F4D02A7B5FFA000E0695 /* TodoCellView.swift */ = {isa = PBXFileReference; lastKnownFileType = sourcecode.swift; path = TodoCellView.swift; sourceTree = "<group>"; };
		0196F4D32A7B69A5000E0695 /* TodoListView.swift */ = {isa = PBXFileReference; lastKnownFileType = sourcecode.swift; path = TodoListView.swift; sourceTree = "<group>"; };
		0196F4D62A7B6C81000E0695 /* TodoModel.swift */ = {isa = PBXFileReference; lastKnownFileType = sourcecode.swift; path = TodoModel.swift; sourceTree = "<group>"; };
		0196F4E22A7B76FD000E0695 /* My Todo ListTests.xctest */ = {isa = PBXFileReference; explicitFileType = wrapper.cfbundle; includeInIndex = 0; path = "My Todo ListTests.xctest"; sourceTree = BUILT_PRODUCTS_DIR; };
		0196F4E42A7B76FD000E0695 /* My_Todo_ListTests.swift */ = {isa = PBXFileReference; lastKnownFileType = sourcecode.swift; path = My_Todo_ListTests.swift; sourceTree = "<group>"; };
		0196F4EB2A7B78E4000E0695 /* ContainerView.swift */ = {isa = PBXFileReference; lastKnownFileType = sourcecode.swift; path = ContainerView.swift; sourceTree = "<group>"; };
/* End PBXFileReference section */

/* Begin PBXFrameworksBuildPhase section */
		01122D442A79FC0F0056B674 /* Frameworks */ = {
			isa = PBXFrameworksBuildPhase;
			buildActionMask = 2147483647;
			files = (
			);
			runOnlyForDeploymentPostprocessing = 0;
		};
		0196F4DF2A7B76FD000E0695 /* Frameworks */ = {
			isa = PBXFrameworksBuildPhase;
			buildActionMask = 2147483647;
			files = (
			);
			runOnlyForDeploymentPostprocessing = 0;
		};
/* End PBXFrameworksBuildPhase section */

/* Begin PBXGroup section */
		01122D3E2A79FC0F0056B674 = {
			isa = PBXGroup;
			children = (
				01122D492A79FC0F0056B674 /* My Todo List */,
				0196F4E32A7B76FD000E0695 /* My Todo ListTests */,
				01122D482A79FC0F0056B674 /* Products */,
			);
			sourceTree = "<group>";
		};
		01122D482A79FC0F0056B674 /* Products */ = {
			isa = PBXGroup;
			children = (
				01122D472A79FC0F0056B674 /* My Todo List.app */,
				0196F4E22A7B76FD000E0695 /* My Todo ListTests.xctest */,
			);
			name = Products;
			sourceTree = "<group>";
		};
		01122D492A79FC0F0056B674 /* My Todo List */ = {
			isa = PBXGroup;
			children = (
				01122D662A7A54920056B674 /* Shared */,
				01122D652A7A54730056B674 /* Modules */,
				01122D612A7A51E50056B674 /* Extension */,
				01122D4A2A79FC0F0056B674 /* My_Todo_ListApp.swift */,
				01122D4C2A79FC0F0056B674 /* ContentView.swift */,
				01122D4E2A79FC110056B674 /* Assets.xcassets */,
				01122D502A79FC110056B674 /* Preview Content */,
				01122D582A7A02070056B674 /* TodoModel.xcdatamodeld */,
			);
			path = "My Todo List";
			sourceTree = "<group>";
		};
		01122D502A79FC110056B674 /* Preview Content */ = {
			isa = PBXGroup;
			children = (
				01122D512A79FC110056B674 /* Preview Assets.xcassets */,
			);
			path = "Preview Content";
			sourceTree = "<group>";
		};
		01122D612A7A51E50056B674 /* Extension */ = {
			isa = PBXGroup;
			children = (
				01122D622A7A51F50056B674 /* Date+Ext.swift */,
			);
			path = Extension;
			sourceTree = "<group>";
		};
		01122D652A7A54730056B674 /* Modules */ = {
			isa = PBXGroup;
			children = (
				0196F4D22A7B696C000E0695 /* TodoList */,
			);
			path = Modules;
			sourceTree = "<group>";
		};
		01122D662A7A54920056B674 /* Shared */ = {
			isa = PBXGroup;
			children = (
				01122D5B2A7A03EB0056B674 /* PersistenceManager.swift */,
				0196F4EB2A7B78E4000E0695 /* ContainerView.swift */,
			);
			path = Shared;
			sourceTree = "<group>";
		};
		0196F4CE2A7B5FAF000E0695 /* Views */ = {
			isa = PBXGroup;
			children = (
				01122D5F2A7A42950056B674 /* FormView.swift */,
				0196F4D02A7B5FFA000E0695 /* TodoCellView.swift */,
			);
			path = Views;
			sourceTree = "<group>";
		};
		0196F4CF2A7B5FB8000E0695 /* ViewModel */ = {
			isa = PBXGroup;
			children = (
				01122D5D2A7A10850056B674 /* TodoViewModel.swift */,
			);
			path = ViewModel;
			sourceTree = "<group>";
		};
		0196F4D22A7B696C000E0695 /* TodoList */ = {
			isa = PBXGroup;
			children = (
				0196F4D52A7B6C74000E0695 /* Model */,
				0196F4CF2A7B5FB8000E0695 /* ViewModel */,
				0196F4CE2A7B5FAF000E0695 /* Views */,
				0196F4D32A7B69A5000E0695 /* TodoListView.swift */,
			);
			path = TodoList;
			sourceTree = "<group>";
		};
		0196F4D52A7B6C74000E0695 /* Model */ = {
			isa = PBXGroup;
			children = (
				0196F4D62A7B6C81000E0695 /* TodoModel.swift */,
			);
			path = Model;
			sourceTree = "<group>";
		};
		0196F4E32A7B76FD000E0695 /* My Todo ListTests */ = {
			isa = PBXGroup;
			children = (
				0196F4E42A7B76FD000E0695 /* My_Todo_ListTests.swift */,
			);
			path = "My Todo ListTests";
			sourceTree = "<group>";
		};
/* End PBXGroup section */

/* Begin PBXNativeTarget section */
		01122D462A79FC0F0056B674 /* My Todo List */ = {
			isa = PBXNativeTarget;
			buildConfigurationList = 01122D552A79FC110056B674 /* Build configuration list for PBXNativeTarget "My Todo List" */;
			buildPhases = (
				01122D432A79FC0F0056B674 /* Sources */,
				01122D442A79FC0F0056B674 /* Frameworks */,
				01122D452A79FC0F0056B674 /* Resources */,
			);
			buildRules = (
			);
			dependencies = (
			);
			name = "My Todo List";
			productName = "My Todo List";
			productReference = 01122D472A79FC0F0056B674 /* My Todo List.app */;
			productType = "com.apple.product-type.application";
		};
		0196F4E12A7B76FD000E0695 /* My Todo ListTests */ = {
			isa = PBXNativeTarget;
			buildConfigurationList = 0196F4E82A7B76FD000E0695 /* Build configuration list for PBXNativeTarget "My Todo ListTests" */;
			buildPhases = (
				0196F4DE2A7B76FD000E0695 /* Sources */,
				0196F4DF2A7B76FD000E0695 /* Frameworks */,
				0196F4E02A7B76FD000E0695 /* Resources */,
			);
			buildRules = (
			);
			dependencies = (
				0196F4E72A7B76FD000E0695 /* PBXTargetDependency */,
			);
			name = "My Todo ListTests";
			productName = "My Todo ListTests";
			productReference = 0196F4E22A7B76FD000E0695 /* My Todo ListTests.xctest */;
			productType = "com.apple.product-type.bundle.unit-test";
		};
/* End PBXNativeTarget section */

/* Begin PBXProject section */
		01122D3F2A79FC0F0056B674 /* Project object */ = {
			isa = PBXProject;
			attributes = {
				BuildIndependentTargetsInParallel = 1;
				LastSwiftUpdateCheck = 1430;
				LastUpgradeCheck = 1430;
				TargetAttributes = {
					01122D462A79FC0F0056B674 = {
						CreatedOnToolsVersion = 14.3.1;
					};
					0196F4E12A7B76FD000E0695 = {
						CreatedOnToolsVersion = 14.3.1;
						TestTargetID = 01122D462A79FC0F0056B674;
					};
				};
			};
			buildConfigurationList = 01122D422A79FC0F0056B674 /* Build configuration list for PBXProject "My Todo List" */;
			compatibilityVersion = "Xcode 14.0";
			developmentRegion = en;
			hasScannedForEncodings = 0;
			knownRegions = (
				en,
				Base,
			);
			mainGroup = 01122D3E2A79FC0F0056B674;
			productRefGroup = 01122D482A79FC0F0056B674 /* Products */;
			projectDirPath = "";
			projectRoot = "";
			targets = (
				01122D462A79FC0F0056B674 /* My Todo List */,
				0196F4E12A7B76FD000E0695 /* My Todo ListTests */,
			);
		};
/* End PBXProject section */

/* Begin PBXResourcesBuildPhase section */
		01122D452A79FC0F0056B674 /* Resources */ = {
			isa = PBXResourcesBuildPhase;
			buildActionMask = 2147483647;
			files = (
				01122D522A79FC110056B674 /* Preview Assets.xcassets in Resources */,
				01122D4F2A79FC110056B674 /* Assets.xcassets in Resources */,
			);
			runOnlyForDeploymentPostprocessing = 0;
		};
		0196F4E02A7B76FD000E0695 /* Resources */ = {
			isa = PBXResourcesBuildPhase;
			buildActionMask = 2147483647;
			files = (
			);
			runOnlyForDeploymentPostprocessing = 0;
		};
/* End PBXResourcesBuildPhase section */

/* Begin PBXSourcesBuildPhase section */
		01122D432A79FC0F0056B674 /* Sources */ = {
			isa = PBXSourcesBuildPhase;
			buildActionMask = 2147483647;
			files = (
				01122D602A7A42950056B674 /* FormView.swift in Sources */,
				01122D632A7A51F50056B674 /* Date+Ext.swift in Sources */,
				01122D4D2A79FC0F0056B674 /* ContentView.swift in Sources */,
				0196F4D72A7B6C81000E0695 /* TodoModel.swift in Sources */,
				01122D5A2A7A02070056B674 /* TodoModel.xcdatamodeld in Sources */,
				01122D4B2A79FC0F0056B674 /* My_Todo_ListApp.swift in Sources */,
				0196F4EC2A7B78E4000E0695 /* ContainerView.swift in Sources */,
				0196F4D42A7B69A5000E0695 /* TodoListView.swift in Sources */,
				01122D5E2A7A10850056B674 /* TodoViewModel.swift in Sources */,
				0196F4D12A7B5FFA000E0695 /* TodoCellView.swift in Sources */,
				01122D5C2A7A03EB0056B674 /* PersistenceManager.swift in Sources */,
			);
			runOnlyForDeploymentPostprocessing = 0;
		};
		0196F4DE2A7B76FD000E0695 /* Sources */ = {
			isa = PBXSourcesBuildPhase;
			buildActionMask = 2147483647;
			files = (
				0196F4E52A7B76FD000E0695 /* My_Todo_ListTests.swift in Sources */,
			);
			runOnlyForDeploymentPostprocessing = 0;
		};
/* End PBXSourcesBuildPhase section */

/* Begin PBXTargetDependency section */
		0196F4E72A7B76FD000E0695 /* PBXTargetDependency */ = {
			isa = PBXTargetDependency;
			target = 01122D462A79FC0F0056B674 /* My Todo List */;
			targetProxy = 0196F4E62A7B76FD000E0695 /* PBXContainerItemProxy */;
		};
/* End PBXTargetDependency section */

/* Begin XCBuildConfiguration section */
		01122D532A79FC110056B674 /* Debug */ = {
			isa = XCBuildConfiguration;
			buildSettings = {
				ALWAYS_SEARCH_USER_PATHS = NO;
				CLANG_ANALYZER_NONNULL = YES;
				CLANG_ANALYZER_NUMBER_OBJECT_CONVERSION = YES_AGGRESSIVE;
				CLANG_CXX_LANGUAGE_STANDARD = "gnu++20";
				CLANG_ENABLE_MODULES = YES;
				CLANG_ENABLE_OBJC_ARC = YES;
				CLANG_ENABLE_OBJC_WEAK = YES;
				CLANG_WARN_BLOCK_CAPTURE_AUTORELEASING = YES;
				CLANG_WARN_BOOL_CONVERSION = YES;
				CLANG_WARN_COMMA = YES;
				CLANG_WARN_CONSTANT_CONVERSION = YES;
				CLANG_WARN_DEPRECATED_OBJC_IMPLEMENTATIONS = YES;
				CLANG_WARN_DIRECT_OBJC_ISA_USAGE = YES_ERROR;
				CLANG_WARN_DOCUMENTATION_COMMENTS = YES;
				CLANG_WARN_EMPTY_BODY = YES;
				CLANG_WARN_ENUM_CONVERSION = YES;
				CLANG_WARN_INFINITE_RECURSION = YES;
				CLANG_WARN_INT_CONVERSION = YES;
				CLANG_WARN_NON_LITERAL_NULL_CONVERSION = YES;
				CLANG_WARN_OBJC_IMPLICIT_RETAIN_SELF = YES;
				CLANG_WARN_OBJC_LITERAL_CONVERSION = YES;
				CLANG_WARN_OBJC_ROOT_CLASS = YES_ERROR;
				CLANG_WARN_QUOTED_INCLUDE_IN_FRAMEWORK_HEADER = YES;
				CLANG_WARN_RANGE_LOOP_ANALYSIS = YES;
				CLANG_WARN_STRICT_PROTOTYPES = YES;
				CLANG_WARN_SUSPICIOUS_MOVE = YES;
				CLANG_WARN_UNGUARDED_AVAILABILITY = YES_AGGRESSIVE;
				CLANG_WARN_UNREACHABLE_CODE = YES;
				CLANG_WARN__DUPLICATE_METHOD_MATCH = YES;
				COPY_PHASE_STRIP = NO;
				DEBUG_INFORMATION_FORMAT = dwarf;
				ENABLE_STRICT_OBJC_MSGSEND = YES;
				ENABLE_TESTABILITY = YES;
				GCC_C_LANGUAGE_STANDARD = gnu11;
				GCC_DYNAMIC_NO_PIC = NO;
				GCC_NO_COMMON_BLOCKS = YES;
				GCC_OPTIMIZATION_LEVEL = 0;
				GCC_PREPROCESSOR_DEFINITIONS = (
					"DEBUG=1",
					"$(inherited)",
				);
				GCC_WARN_64_TO_32_BIT_CONVERSION = YES;
				GCC_WARN_ABOUT_RETURN_TYPE = YES_ERROR;
				GCC_WARN_UNDECLARED_SELECTOR = YES;
				GCC_WARN_UNINITIALIZED_AUTOS = YES_AGGRESSIVE;
				GCC_WARN_UNUSED_FUNCTION = YES;
				GCC_WARN_UNUSED_VARIABLE = YES;
				IPHONEOS_DEPLOYMENT_TARGET = 16.4;
				MTL_ENABLE_DEBUG_INFO = INCLUDE_SOURCE;
				MTL_FAST_MATH = YES;
				ONLY_ACTIVE_ARCH = YES;
				SDKROOT = iphoneos;
				SWIFT_ACTIVE_COMPILATION_CONDITIONS = DEBUG;
				SWIFT_OPTIMIZATION_LEVEL = "-Onone";
			};
			name = Debug;
		};
		01122D542A79FC110056B674 /* Release */ = {
			isa = XCBuildConfiguration;
			buildSettings = {
				ALWAYS_SEARCH_USER_PATHS = NO;
				CLANG_ANALYZER_NONNULL = YES;
				CLANG_ANALYZER_NUMBER_OBJECT_CONVERSION = YES_AGGRESSIVE;
				CLANG_CXX_LANGUAGE_STANDARD = "gnu++20";
				CLANG_ENABLE_MODULES = YES;
				CLANG_ENABLE_OBJC_ARC = YES;
				CLANG_ENABLE_OBJC_WEAK = YES;
				CLANG_WARN_BLOCK_CAPTURE_AUTORELEASING = YES;
				CLANG_WARN_BOOL_CONVERSION = YES;
				CLANG_WARN_COMMA = YES;
				CLANG_WARN_CONSTANT_CONVERSION = YES;
				CLANG_WARN_DEPRECATED_OBJC_IMPLEMENTATIONS = YES;
				CLANG_WARN_DIRECT_OBJC_ISA_USAGE = YES_ERROR;
				CLANG_WARN_DOCUMENTATION_COMMENTS = YES;
				CLANG_WARN_EMPTY_BODY = YES;
				CLANG_WARN_ENUM_CONVERSION = YES;
				CLANG_WARN_INFINITE_RECURSION = YES;
				CLANG_WARN_INT_CONVERSION = YES;
				CLANG_WARN_NON_LITERAL_NULL_CONVERSION = YES;
				CLANG_WARN_OBJC_IMPLICIT_RETAIN_SELF = YES;
				CLANG_WARN_OBJC_LITERAL_CONVERSION = YES;
				CLANG_WARN_OBJC_ROOT_CLASS = YES_ERROR;
				CLANG_WARN_QUOTED_INCLUDE_IN_FRAMEWORK_HEADER = YES;
				CLANG_WARN_RANGE_LOOP_ANALYSIS = YES;
				CLANG_WARN_STRICT_PROTOTYPES = YES;
				CLANG_WARN_SUSPICIOUS_MOVE = YES;
				CLANG_WARN_UNGUARDED_AVAILABILITY = YES_AGGRESSIVE;
				CLANG_WARN_UNREACHABLE_CODE = YES;
				CLANG_WARN__DUPLICATE_METHOD_MATCH = YES;
				COPY_PHASE_STRIP = NO;
				DEBUG_INFORMATION_FORMAT = "dwarf-with-dsym";
				ENABLE_NS_ASSERTIONS = NO;
				ENABLE_STRICT_OBJC_MSGSEND = YES;
				GCC_C_LANGUAGE_STANDARD = gnu11;
				GCC_NO_COMMON_BLOCKS = YES;
				GCC_WARN_64_TO_32_BIT_CONVERSION = YES;
				GCC_WARN_ABOUT_RETURN_TYPE = YES_ERROR;
				GCC_WARN_UNDECLARED_SELECTOR = YES;
				GCC_WARN_UNINITIALIZED_AUTOS = YES_AGGRESSIVE;
				GCC_WARN_UNUSED_FUNCTION = YES;
				GCC_WARN_UNUSED_VARIABLE = YES;
				IPHONEOS_DEPLOYMENT_TARGET = 16.4;
				MTL_ENABLE_DEBUG_INFO = NO;
				MTL_FAST_MATH = YES;
				SDKROOT = iphoneos;
				SWIFT_COMPILATION_MODE = wholemodule;
				SWIFT_OPTIMIZATION_LEVEL = "-O";
				VALIDATE_PRODUCT = YES;
			};
			name = Release;
		};
		01122D562A79FC110056B674 /* Debug */ = {
			isa = XCBuildConfiguration;
			buildSettings = {
				ASSETCATALOG_COMPILER_APPICON_NAME = AppIcon;
				ASSETCATALOG_COMPILER_GLOBAL_ACCENT_COLOR_NAME = AccentColor;
				CODE_SIGN_STYLE = Automatic;
				CURRENT_PROJECT_VERSION = 1;
				DEVELOPMENT_ASSET_PATHS = "\"My Todo List/Preview Content\"";
				DEVELOPMENT_TEAM = CVSRYHR3VR;
				ENABLE_PREVIEWS = YES;
				GENERATE_INFOPLIST_FILE = YES;
				INFOPLIST_KEY_UIApplicationSceneManifest_Generation = YES;
				INFOPLIST_KEY_UIApplicationSupportsIndirectInputEvents = YES;
				INFOPLIST_KEY_UILaunchScreen_Generation = YES;
				INFOPLIST_KEY_UISupportedInterfaceOrientations_iPad = "UIInterfaceOrientationPortrait UIInterfaceOrientationPortraitUpsideDown UIInterfaceOrientationLandscapeLeft UIInterfaceOrientationLandscapeRight";
				INFOPLIST_KEY_UISupportedInterfaceOrientations_iPhone = "UIInterfaceOrientationPortrait UIInterfaceOrientationLandscapeLeft UIInterfaceOrientationLandscapeRight";
				IPHONEOS_DEPLOYMENT_TARGET = 15.0;
				LD_RUNPATH_SEARCH_PATHS = (
					"$(inherited)",
					"@executable_path/Frameworks",
				);
				MARKETING_VERSION = 1.0;
				PRODUCT_BUNDLE_IDENTIFIER = "nooglersoon.id.My-Todo-List";
				PRODUCT_NAME = "$(TARGET_NAME)";
				SWIFT_EMIT_LOC_STRINGS = YES;
				SWIFT_VERSION = 5.0;
				TARGETED_DEVICE_FAMILY = "1,2";
			};
			name = Debug;
		};
		01122D572A79FC110056B674 /* Release */ = {
			isa = XCBuildConfiguration;
			buildSettings = {
				ASSETCATALOG_COMPILER_APPICON_NAME = AppIcon;
				ASSETCATALOG_COMPILER_GLOBAL_ACCENT_COLOR_NAME = AccentColor;
				CODE_SIGN_STYLE = Automatic;
				CURRENT_PROJECT_VERSION = 1;
				DEVELOPMENT_ASSET_PATHS = "\"My Todo List/Preview Content\"";
				DEVELOPMENT_TEAM = CVSRYHR3VR;
				ENABLE_PREVIEWS = YES;
				GENERATE_INFOPLIST_FILE = YES;
				INFOPLIST_KEY_UIApplicationSceneManifest_Generation = YES;
				INFOPLIST_KEY_UIApplicationSupportsIndirectInputEvents = YES;
				INFOPLIST_KEY_UILaunchScreen_Generation = YES;
				INFOPLIST_KEY_UISupportedInterfaceOrientations_iPad = "UIInterfaceOrientationPortrait UIInterfaceOrientationPortraitUpsideDown UIInterfaceOrientationLandscapeLeft UIInterfaceOrientationLandscapeRight";
				INFOPLIST_KEY_UISupportedInterfaceOrientations_iPhone = "UIInterfaceOrientationPortrait UIInterfaceOrientationLandscapeLeft UIInterfaceOrientationLandscapeRight";
				IPHONEOS_DEPLOYMENT_TARGET = 15.0;
				LD_RUNPATH_SEARCH_PATHS = (
					"$(inherited)",
					"@executable_path/Frameworks",
				);
				MARKETING_VERSION = 1.0;
				PRODUCT_BUNDLE_IDENTIFIER = "nooglersoon.id.My-Todo-List";
				PRODUCT_NAME = "$(TARGET_NAME)";
				SWIFT_EMIT_LOC_STRINGS = YES;
				SWIFT_VERSION = 5.0;
				TARGETED_DEVICE_FAMILY = "1,2";
			};
			name = Release;
		};
		0196F4E92A7B76FD000E0695 /* Debug */ = {
			isa = XCBuildConfiguration;
			buildSettings = {
				BUNDLE_LOADER = "$(TEST_HOST)";
				CODE_SIGN_STYLE = Automatic;
				CURRENT_PROJECT_VERSION = 1;
				DEVELOPMENT_TEAM = CVSRYHR3VR;
				GENERATE_INFOPLIST_FILE = YES;
				MARKETING_VERSION = 1.0;
				PRODUCT_BUNDLE_IDENTIFIER = "nooglersoon.id.My-Todo-ListTests";
				PRODUCT_NAME = "$(TARGET_NAME)";
				SWIFT_EMIT_LOC_STRINGS = NO;
				SWIFT_VERSION = 5.0;
				TARGETED_DEVICE_FAMILY = "1,2";
				TEST_HOST = "$(BUILT_PRODUCTS_DIR)/My Todo List.app/$(BUNDLE_EXECUTABLE_FOLDER_PATH)/My Todo List";
			};
			name = Debug;
		};
		0196F4EA2A7B76FD000E0695 /* Release */ = {
			isa = XCBuildConfiguration;
			buildSettings = {
				BUNDLE_LOADER = "$(TEST_HOST)";
				CODE_SIGN_STYLE = Automatic;
				CURRENT_PROJECT_VERSION = 1;
				DEVELOPMENT_TEAM = CVSRYHR3VR;
				GENERATE_INFOPLIST_FILE = YES;
				MARKETING_VERSION = 1.0;
				PRODUCT_BUNDLE_IDENTIFIER = "nooglersoon.id.My-Todo-ListTests";
				PRODUCT_NAME = "$(TARGET_NAME)";
				SWIFT_EMIT_LOC_STRINGS = NO;
				SWIFT_VERSION = 5.0;
				TARGETED_DEVICE_FAMILY = "1,2";
				TEST_HOST = "$(BUILT_PRODUCTS_DIR)/My Todo List.app/$(BUNDLE_EXECUTABLE_FOLDER_PATH)/My Todo List";
			};
			name = Release;
		};
/* End XCBuildConfiguration section */

/* Begin XCConfigurationList section */
		01122D422A79FC0F0056B674 /* Build configuration list for PBXProject "My Todo List" */ = {
			isa = XCConfigurationList;
			buildConfigurations = (
				01122D532A79FC110056B674 /* Debug */,
				01122D542A79FC110056B674 /* Release */,
			);
			defaultConfigurationIsVisible = 0;
			defaultConfigurationName = Release;
		};
		01122D552A79FC110056B674 /* Build configuration list for PBXNativeTarget "My Todo List" */ = {
			isa = XCConfigurationList;
			buildConfigurations = (
				01122D562A79FC110056B674 /* Debug */,
				01122D572A79FC110056B674 /* Release */,
			);
			defaultConfigurationIsVisible = 0;
			defaultConfigurationName = Release;
		};
		0196F4E82A7B76FD000E0695 /* Build configuration list for PBXNativeTarget "My Todo ListTests" */ = {
			isa = XCConfigurationList;
			buildConfigurations = (
				0196F4E92A7B76FD000E0695 /* Debug */,
				0196F4EA2A7B76FD000E0695 /* Release */,
			);
			defaultConfigurationIsVisible = 0;
			defaultConfigurationName = Release;
		};
/* End XCConfigurationList section */

/* Begin XCVersionGroup section */
		01122D582A7A02070056B674 /* TodoModel.xcdatamodeld */ = {
			isa = XCVersionGroup;
			children = (
				01122D592A7A02070056B674 /* TodoModel.xcdatamodel */,
			);
			currentVersion = 01122D592A7A02070056B674 /* TodoModel.xcdatamodel */;
			path = TodoModel.xcdatamodeld;
			sourceTree = "<group>";
			versionGroupType = wrapper.xcdatamodel;
		};
/* End XCVersionGroup section */
	};
	rootObject = 01122D3F2A79FC0F0056B674 /* Project object */;
}
